dependencies:
- name: authorino-operator
  repository: https://kuadrant.io/helm-charts/
  version: 0.13.0
- name: limitador-operator
  repository: https://kuadrant.io/helm-charts/
  version: 0.11.0
- name: dns-operator
  repository: https://kuadrant.io/helm-charts/
  version: 0.6.0
digest: sha256:e7c3182900debe23102373129a5fa767068b11081b3b739aa6bd384184cfbd41
generated: "2024-10-03T15:41:23.665182857+02:00"
